
Microsoft Visual Studio Solution File, Format Version 12.00
# Visual Studio Version 17
VisualStudioVersion = 17.6.33829.357
MinimumVisualStudioVersion = 10.0.40219.1
Project("{FAE04EC0-301F-11D3-BF4B-00C04F79EFBC}") = "Travel_Agency_Web_App", "Travel_Agency_Web_App\Travel_Agency_Web_App.csproj", "{43ECA327-140A-41BC-AD1B-43FFCDF5017D}"
EndProject
Global
	GlobalSection(SolutionConfigurationPlatforms) = preSolution
		Debug|Any CPU = Debug|Any CPU
		Release|Any CPU = Release|Any CPU
	EndGlobalSection
	GlobalSection(ProjectConfigurationPlatforms) = postSolution
		{43ECA327-140A-41BC-AD1B-43FFCDF5017D}.Debug|Any CPU.ActiveCfg = Debug|Any CPU
		{43ECA327-140A-41BC-AD1B-43FFCDF5017D}.Debug|Any CPU.Build.0 = Debug|Any CPU
		{43ECA327-140A-41BC-AD1B-43FFCDF5017D}.Release|Any CPU.ActiveCfg = Release|Any CPU
		{43ECA327-140A-41BC-AD1B-43FFCDF5017D}.Release|Any CPU.Build.0 = Release|Any CPU
	EndGlobalSection
	GlobalSection(SolutionProperties) = preSolution
		HideSolutionNode = FALSE
	EndGlobalSection
	GlobalSection(ExtensibilityGlobals) = postSolution
		SolutionGuid = {7A137EFB-C5DC-4B63-A96C-AE50B18E8D1C}
	EndGlobalSection
EndGlobal
